
Microsoft Visual Studio Solution File, Format Version 12.00
# Visual Studio Version 17
VisualStudioVersion = 17.11.35303.130
MinimumVisualStudioVersion = 10.0.40219.1
Project("{FAE04EC0-301F-11D3-BF4B-00C04F79EFBC}") = "Okta_WebApplication", "Okta_WebApplication\Okta_WebApplication.csproj", "{C7444B95-DCD4-4FE7-A63E-EBD3F2EFCD7D}"
EndProject
Global
	GlobalSection(SolutionConfigurationPlatforms) = preSolution
		Debug|Any CPU = Debug|Any CPU
		Release|Any CPU = Release|Any CPU
	EndGlobalSection
	GlobalSection(ProjectConfigurationPlatforms) = postSolution
		{C7444B95-DCD4-4FE7-A63E-EBD3F2EFCD7D}.Debug|Any CPU.ActiveCfg = Debug|Any CPU
		{C7444B95-DCD4-4FE7-A63E-EBD3F2EFCD7D}.Debug|Any CPU.Build.0 = Debug|Any CPU
		{C7444B95-DCD4-4FE7-A63E-EBD3F2EFCD7D}.Release|Any CPU.ActiveCfg = Release|Any CPU
		{C7444B95-DCD4-4FE7-A63E-EBD3F2EFCD7D}.Release|Any CPU.Build.0 = Release|Any CPU
	EndGlobalSection
	GlobalSection(SolutionProperties) = preSolution
		HideSolutionNode = FALSE
	EndGlobalSection
	GlobalSection(ExtensibilityGlobals) = postSolution
		SolutionGuid = {668D859B-5CBA-4619-9285-DA76FD7CF305}
	EndGlobalSection
EndGlobal
